{
  "version": 1,
  "dependencies": {
    "net10.0": {
      "Azure.Core": {
        "type": "Direct",
        "requested": "[1.*, )",
        "resolved": "1.62.0",
        "contentHash": "C0ijs91ZW2uhF/VwGLXeayb+RwTWhDxKnrsmqPWg5HkYtPQ93mzaydyMCjAzE0AG5yHc1bpaPc+NPlZUgz3w8g==",
        "dependencies": {
          "Microsoft.Bcl.AsyncInterfaces": "10.0.10",
          "Microsoft.Identity.Client": "4.84.2",
          "Microsoft.Identity.Client.Extensions.Msal": "4.84.2",
          "System.ClientModel": "1.15.0",
          "System.Memory.Data": "10.0.10"
        }
      },
      "Azure.Extensions.AspNetCore.Configuration.Secrets": {
        "type": "Direct",
        "requested": "[1.*, )",
        "resolved": "1.5.2",
        "contentHash": "VWmWO1Wij7sGNpDk42DkzriVTZwFG6STI0+bbWoZMOSoaodi3bsOvgznrGooaxpkjtYNLDweM517jqnAiE1cHA==",
        "dependencies": {
          "Azure.Core": "1.61.0",
          "Azure.Security.KeyVault.Secrets": "4.11.0"
        }
      },
      "Azure.Identity": {
        "type": "Direct",
        "requested": "[1.*, )",
        "resolved": "1.21.0",
        "contentHash": "GeFv8sGwRKvDKwI2WFy8r0mhmlxEVZg24Sit2NogTjiSO8RVjllWM65OT6e1sKjOvG8V74y7hAbaELUUPjZQSw==",
        "dependencies": {
          "Azure.Core": "1.53.0"
        }
      },
      "Azure.Monitor.OpenTelemetry.AspNetCore": {
        "type": "Direct",
        "requested": "[1.*, )",
        "resolved": "1.6.0",
        "contentHash": "9H0JgEl5yVdpOz+GqPBL5Qtfw0k/gAQ9iD8L+W9ucrxwMG/CMwdAg4mWdLWKUvW56iDCQ8PAHVVCxC4Hg5l1AA==",
        "dependencies": {
          "Azure.Core": "1.60.0",
          "Azure.Monitor.OpenTelemetry.Exporter": "1.8.3",
          "OpenTelemetry.Extensions.Hosting": "1.15.3",
          "OpenTelemetry.Instrumentation.AspNetCore": "1.15.2",
          "OpenTelemetry.Instrumentation.Http": "1.15.1"
        }
      },
      "Azure.Storage.Blobs": {
        "type": "Direct",
        "requested": "[12.*, )",
        "resolved": "12.29.2",
        "contentHash": "NeZmk7bphspT2BYn8XaNCTV4/9vQG+ea79F85MBTi2o2WiXIIJNsRBtFyeBrzK2HIk476rfSqLNwPt4vXgOEkQ==",
        "dependencies": {
          "Azure.Core": "1.55.0",
          "Azure.Storage.Common": "12.28.0"
        }
      },
      "Diginsight.Components": {
        "type": "Direct",
        "requested": "[1.*, )",
        "resolved": "1.0.0.114",
        "contentHash": "R4BQr7wqYn+Nad24Yr7SGUkpZDK3u567IiZ/MQ1R+prLv5JiVeiJ1t9xl7riwLmKpeBhTco0ZdrIY2rJ1Nx1bA==",
        "dependencies": {
          "Diginsight.Components.Abstractions": "1.0.0.114",
          "Diginsight.Core": "3.8.0.2",
          "Diginsight.Diagnostics": "3.8.0.2",
          "Microsoft.Identity.Client": "4.88.0",
          "Newtonsoft.Json": "13.0.4",
          "System.IdentityModel.Tokens.Jwt": "8.22.0",
          "System.Security.Cryptography.ProtectedData": "10.0.11"
        }
      },
      "Diginsight.Components.Azure": {
        "type": "Direct",
        "requested": "[1.*, )",
        "resolved": "1.0.0.114",
        "contentHash": "/PJVI2wtFaXZkGd0MOsUeW5kQULpEMsT4mGRakSfT0bG6uABCKFtSeoZkZN2yKKCvx6C5K57Oz9JIC/YxXu9XQ==",
        "dependencies": {
          "Azure.Data.Tables": "12.12.0",
          "Diginsight.Components": "1.0.0.114",
          "Diginsight.Components.Azure.Abstractions": "1.0.0.114",
          "Diginsight.Components.Configuration.Abstractions": "1.0.0.114",
          "Diginsight.Core": "3.8.0.2",
          "Diginsight.Diagnostics": "3.8.0.2",
          "Microsoft.Azure.Cosmos": "3.62.1",
          "System.Linq.Async": "7.0.1",
          "System.Linq.Async.Queryable": "7.0.1"
        }
      },
      "Diginsight.Components.Configuration": {
        "type": "Direct",
        "requested": "[1.*, )",
        "resolved": "1.0.0.114",
        "contentHash": "nWKwlNyFSd+sYz5gpH0P+w17GVJNQQ+TctjXdjFkJQyzdIoHLrykTYCiZWgZdQTC6umQ0vQMfyD2ZvIBvP8IQg==",
        "dependencies": {
          "Azure.Core": "1.62.0",
          "Azure.Extensions.AspNetCore.Configuration.Secrets": "1.5.2",
          "Azure.Identity": "1.21.0",
          "Azure.Monitor.OpenTelemetry.AspNetCore": "1.6.0",
          "Diginsight.Components.Azure": "1.0.0.114",
          "Diginsight.Components.Configuration.Abstractions": "1.0.0.114",
          "Diginsight.Core": "3.8.0.2",
          "Diginsight.Diagnostics": "3.8.0.2",
          "Diginsight.Diagnostics.AspNetCore": "3.8.0.2",
          "Diginsight.Diagnostics.AspNetCore.OpenTelemetry": "3.8.0.2",
          "Diginsight.Diagnostics.Log4Net": "3.8.0.2",
          "Diginsight.Diagnostics.OpenTelemetry": "3.8.0.2",
          "Microsoft.Identity.Client": "4.88.0",
          "OpenTelemetry.Instrumentation.Runtime": "1.18.0",
          "Scrutor": "7.0.0"
        }
      },
      "Diginsight.Core": {
        "type": "Direct",
        "requested": "[3.8.0.2, )",
        "resolved": "3.8.0.2",
        "contentHash": "aBLW+yImgC13hjl4c/diW2FkKjeIgXj9aayYTJQeOY6+9XHeuqRK0fTQ7tF1tDWnua2EpPhCzEp0UARg9lf2Ag==",
        "dependencies": {
          "Scrutor": "7.0.0"
        }
      },
      "Diginsight.Diagnostics": {
        "type": "Direct",
        "requested": "[3.8.0.2, )",
        "resolved": "3.8.0.2",
        "contentHash": "TJv0RThQppBuf5euBnjBh0sLaZDoMpIzrz2P+ZxFHvy7lPnn7f4V2kXW3qnWSRj6kQlkSG2P9VenUmnPIVf+tw==",
        "dependencies": {
          "Diginsight.Stringify": "3.8.0.2",
          "Pastel": "7.0.1"
        }
      },
      "Diginsight.Diagnostics.AspNetCore.OpenTelemetry": {
        "type": "Direct",
        "requested": "[3.8.0.2, )",
        "resolved": "3.8.0.2",
        "contentHash": "iMPKh3BG1eAS4RD79YnwCti9IehbBXzqhBAb099QbrOL0gwa4YNGNUEjizv8LUYL7lLPPbQC4rIPgxeShwIq/Q==",
        "dependencies": {
          "Diginsight.Diagnostics.AspNetCore": "3.8.0.2",
          "Diginsight.Diagnostics.OpenTelemetry": "3.8.0.2"
        }
      },
      "Diginsight.Diagnostics.Log4Net": {
        "type": "Direct",
        "requested": "[3.8.0.2, )",
        "resolved": "3.8.0.2",
        "contentHash": "qOYRl8cNf7+xVzoShL2KVcQ1c+A7P/ffCUBv18khRDWWJosBqIOpcJmBqFgPlljYdI1R6/W1AsapxUcF5MZLOg==",
        "dependencies": {
          "Diginsight.Diagnostics": "3.8.0.2",
          "Microsoft.Extensions.Logging.Log4Net.AspNetCore": "10.0.0"
        }
      },
      "Diginsight.SmartCache": {
        "type": "Direct",
        "requested": "[3.8.0.2, )",
        "resolved": "3.8.0.2",
        "contentHash": "hUr84aU/i+fOcamZbVAxSkInxO9bLnglZZUI/qSm5I0xMgnh/VFQmCNJVwn88bf3nIk0aUTnd2KcFLwPztZpAw==",
        "dependencies": {
          "Diginsight.Core": "3.8.0.2",
          "Diginsight.Diagnostics": "3.8.0.2",
          "Newtonsoft.Json": "13.0.4"
        }
      },
      "Diginsight.SmartCache.Externalization.Http": {
        "type": "Direct",
        "requested": "[3.8.0.2, )",
        "resolved": "3.8.0.2",
        "contentHash": "S3N7iitJfP/ST+8PQGgC1hQmFzrxA5deA2C3QmItKweuYzcxSwXLwFXnrZpDPGixrhOLnILajhXbcVXTzIMwQQ==",
        "dependencies": {
          "Diginsight.Diagnostics": "3.8.0.2",
          "Diginsight.SmartCache": "3.8.0.2"
        }
      },
      "Diginsight.SmartCache.Externalization.Redis": {
        "type": "Direct",
        "requested": "[3.8.0.2, )",
        "resolved": "3.8.0.2",
        "contentHash": "LgGA9OemXMhGdliSDOZ0yAW7uKeWpnv2uRgkUBJTp/XmXJM1o9QpOHMvr6dsTAbMnKn5QvC9xQ+AB2ZNXDntsg==",
        "dependencies": {
          "Diginsight.Diagnostics": "3.8.0.2",
          "Diginsight.SmartCache": "3.8.0.2",
          "StackExchange.Redis": "2.13.17"
        }
      },
      "Diginsight.SmartCache.Externalization.ServiceBus": {
        "type": "Direct",
        "requested": "[3.8.0.2, )",
        "resolved": "3.8.0.2",
        "contentHash": "mH55gfb4gkNbhJRfWdN090Lf9kh1PVJKclD2neW8aFE4mGK0zqlxPVmgHUu4Ljegl04peIWneZl/ONSmm/Ug3Q==",
        "dependencies": {
          "Azure.Messaging.ServiceBus": "7.20.2",
          "Diginsight.Diagnostics": "3.8.0.2",
          "Diginsight.SmartCache": "3.8.0.2",
          "Polly.Core": "8.7.0"
        }
      },
      "Diginsight.Stringify": {
        "type": "Direct",
        "requested": "[3.8.0.2, )",
        "resolved": "3.8.0.2",
        "contentHash": "yofsQVgu/meYHL4wIeR6PCzICL7fbdn4rcvxqkKfHW6sDOiLELL6eBpu8T+pySpFhM4hZhZ8D/ZzaJ00APuzUg==",
        "dependencies": {
          "Diginsight.Core": "3.8.0.2"
        }
      },
      "log4net": {
        "type": "Direct",
        "requested": "[3.*, )",
        "resolved": "3.4.0",
        "contentHash": "IubYl1l3vs4pZ8hRJBWjfPOW8osR1gS/FAweVYpc2n7SZ0yrZ64uMGQYjjt1nna/Hpm10IHiw4D6HSh/JFbj9w==",
        "dependencies": {
          "System.Configuration.ConfigurationManager": "4.5.0"
        }
      },
      "Microsoft.AspNetCore.App.Internal.Assets": {
        "type": "Direct",
        "requested": "[10.0.11, )",
        "resolved": "10.0.11",
        "contentHash": "tYYYBZsuF2DSz1I3hcfB8qC4nNekIKufkYZOJ2R28fNK3PkS7fJao/mIX5H84NH94UACZQ4dhvt8GDlkrJFwLg=="
      },
      "Microsoft.AspNetCore.Components.WebAssembly.Server": {
        "type": "Direct",
        "requested": "[10.0.*, )",
        "resolved": "10.0.11",
        "contentHash": "El0lkzjqwWVKmFC4tS0orMxysMNwElGNM1lLNYyqBh8SLsP5c+EDDrZS4FAv0bcqc+t1nxosnzqrd0ob+XASPQ==",
        "dependencies": {
          "Microsoft.AspNetCore.Components.WebAssembly": "10.0.11"
        }
      },
      "Microsoft.SourceLink.GitHub": {
        "type": "Direct",
        "requested": "[8.*, )",
        "resolved": "8.0.0",
        "contentHash": "G5q7OqtwIyGTkeIOAc3u2ZuV/kicQaec5EaRnc0pIeSnh9LUjj+PYQrJYBURvDt7twGl2PKA7nSN0kz1Zw5bnQ==",
        "dependencies": {
          "Microsoft.Build.Tasks.Git": "8.0.0",
          "Microsoft.SourceLink.Common": "8.0.0"
        }
      },
      "OpenTelemetry": {
        "type": "Direct",
        "requested": "[1.*, )",
        "resolved": "1.18.0",
        "contentHash": "13AKxycK+olOLe061MjliPTNBR/DUkjyRr0b9zwUhKyMjFS8lXS7G31R85rkbM55up2YFmdykWdAw2giBDJpiQ==",
        "dependencies": {
          "OpenTelemetry.Api.ProviderBuilderExtensions": "1.18.0"
        }
      },
      "OpenTelemetry.Exporter.Console": {
        "type": "Direct",
        "requested": "[1.*, )",
        "resolved": "1.18.0",
        "contentHash": "OLH5WEH7fmKl8Vkg7w+x2OQySQYhLID1ulQQpn+UAVK7oCqo8Rl5IfOXuoCJ3DB7SiT9HYYpJOQgyNg+CtYCAg==",
        "dependencies": {
          "OpenTelemetry": "1.18.0"
        }
      },
      "OpenTelemetry.Exporter.OpenTelemetryProtocol": {
        "type": "Direct",
        "requested": "[1.*, )",
        "resolved": "1.18.0",
        "contentHash": "Et3WAviooKGObZjUZN8d6eTsdJs1YM3ZoN+KlWSAHksTmHG1nyGi9XGo2wb0fkFMWK0g80FOPdR1njg52Dm+aw==",
        "dependencies": {
          "OpenTelemetry": "1.18.0"
        }
      },
      "OpenTelemetry.Extensions.Hosting": {
        "type": "Direct",
        "requested": "[1.*, )",
        "resolved": "1.18.0",
        "contentHash": "u+JMA82H65MKwMvd2qUpL8C2qE4Jux2nvX9hmy036UK/Apv2YyIRYCttF/vlX6nMPcAKI8BXkscmL4QG3C69fw==",
        "dependencies": {
          "OpenTelemetry": "1.18.0"
        }
      },
      "OpenTelemetry.Instrumentation.AspNetCore": {
        "type": "Direct",
        "requested": "[1.*, )",
        "resolved": "1.18.0",
        "contentHash": "hBiMXE/CGIAHUOpi0gScNkjHB0L9XbCin5lZObL+dMBl4OmpndnHgxP3JZDnnGtU6qOzdeh8TYUV9f6Jgmmhlw==",
        "dependencies": {
          "OpenTelemetry.Api.ProviderBuilderExtensions": "[1.18.0, 2.0.0)"
        }
      },
      "OpenTelemetry.Instrumentation.Http": {
        "type": "Direct",
        "requested": "[1.*, )",
        "resolved": "1.18.0",
        "contentHash": "/X57peOOa4a+9V4DSVXbuIWdsAxmU5gsxw8lu+gJU0zuewsYhC9f6qdm8GEW0VvqG9e+gxn0HdVR5G3YHcWDTw==",
        "dependencies": {
          "OpenTelemetry.Api.ProviderBuilderExtensions": "[1.18.0, 2.0.0)"
        }
      },
      "OpenTelemetry.Instrumentation.Runtime": {
        "type": "Direct",
        "requested": "[1.*, )",
        "resolved": "1.18.0",
        "contentHash": "McuXGjBJDL/Cown2PxfUQysK98MZG7ZDjO/IKUtaAx8t1m0PB0d+QtJC79RFTVipMhRIwjJiULNOp0OGfZbvwg==",
        "dependencies": {
          "OpenTelemetry.Api": "[1.18.0, 2.0.0)"
        }
      },
      "Azure.Core.Amqp": {
        "type": "Transitive",
        "resolved": "1.3.1",
        "contentHash": "AY1ZM4WwLBb9L2WwQoWs7wS2XKYg83tp3yVVdgySdebGN0FuIszuEqCy3Nhv6qHpbkjx/NGuOTsUbF/oNGBgwA==",
        "dependencies": {
          "Microsoft.Azure.Amqp": "2.6.7",
          "System.Memory.Data": "1.0.2"
        }
      },
      "Azure.Data.Tables": {
        "type": "Transitive",
        "resolved": "12.12.0",
        "contentHash": "q/bDOim1Qru3NrPJO0v8DnZxUFVf1KXh+BBksEgDFPqMvw9jstJEJ+efq4WfC4BLLER67fgzGfFjJevv+R94oA==",
        "dependencies": {
          "Azure.Core": "1.62.0"
        }
      },
      "Azure.Messaging.ServiceBus": {
        "type": "Transitive",
        "resolved": "7.20.2",
        "contentHash": "mwr5c3Qs7FWUtwzlLOtVixYDpUuA+Ln7sNirljTHZR8kDhzdr2grlqx0RRBvGV+IDCRHt1jIRb+hi0MUzjeVmw==",
        "dependencies": {
          "Azure.Core": "1.60.0",
          "Azure.Core.Amqp": "1.3.1",
          "Microsoft.Azure.Amqp": "2.7.0"
        }
      },
      "Azure.Monitor.OpenTelemetry.Exporter": {
        "type": "Transitive",
        "resolved": "1.8.3",
        "contentHash": "hZ35hXxiRuJcT67u970iqqJ+z2ol3Sg23/m1wwNNh8uzK/48uB9iJ3va9PQ7gXn6kij6wzowUe5olPPfObkEug==",
        "dependencies": {
          "Azure.Core": "1.60.0",
          "OpenTelemetry.Extensions.Hosting": "1.15.3",
          "OpenTelemetry.PersistentStorage.FileSystem": "1.0.3"
        }
      },
      "Azure.Security.KeyVault.Secrets": {
        "type": "Transitive",
        "resolved": "4.11.0",
        "contentHash": "tjpVczILiXTR9bEynSL1JBU80169hGnTECtGsFjnRz9E1xoIhfUsaUTnB79k995zDkOG61hOI+YBtf5bNqgRIQ==",
        "dependencies": {
          "Azure.Core": "1.54.0"
        }
      },
      "Azure.Storage.Common": {
        "type": "Transitive",
        "resolved": "12.28.0",
        "contentHash": "5l8YhNrks38zKLGFW2BBFLwieyamH/xauABSASsdpZv79G0f+n2n22IjkRmUqCmALSupkwRHh2LOhbW3yj5Qgw==",
        "dependencies": {
          "Azure.Core": "1.55.0",
          "System.IO.Hashing": "10.0.3"
        }
      },
      "Diginsight.AspNetCore": {
        "type": "Transitive",
        "resolved": "3.8.0.2",
        "contentHash": "saV8MWi+VmucpvdaA6bGGN6mPTDlipwIt043jiqjyVaIkYFRbfsO0fvgk3k+lcskADfYMli6f0pAG7sv/DY5+A==",
        "dependencies": {
          "Diginsight.Core": "3.8.0.2",
          "Scrutor": "7.0.0"
        }
      },
      "Diginsight.Components.Abstractions": {
        "type": "Transitive",
        "resolved": "1.0.0.114",
        "contentHash": "pKCCxxmr8L6ohxRLS4X0503hwXJUKWyw2LVxVgkK1U4zsWgKcG131zR5DYHmqL6DsctB5dGreiGZubqHuPU/nA==",
        "dependencies": {
          "Microsoft.Identity.Client": "4.88.0"
        }
      },
      "Diginsight.Components.Azure.Abstractions": {
        "type": "Transitive",
        "resolved": "1.0.0.114",
        "contentHash": "IlIlAHCq57vhtRBByeXxfCqLP1UROpPN/pMxombN4NazOHYGJVZVEHRy2DaqblSRGpSOxdZtJDi4qqoNG+uJIw==",
        "dependencies": {
          "Azure.Data.Tables": "12.12.0"
        }
      },
      "Diginsight.Components.Configuration.Abstractions": {
        "type": "Transitive",
        "resolved": "1.0.0.114",
        "contentHash": "4CJWXzsXEXgMSImnD/V8JJIhwG5dtTVPOBkXg7mAw5Wvp7hnrJqsVsq4CUneJULJoOFEh5G/9n+VXqpGRx0Hfg==",
        "dependencies": {
          "Diginsight.Core": "3.8.0.2",
          "Diginsight.Diagnostics": "3.8.0.2"
        }
      },
      "Diginsight.Diagnostics.AspNetCore": {
        "type": "Transitive",
        "resolved": "3.8.0.2",
        "contentHash": "H0dIGfozgCSmirUP4NYDt4XKu7tTTliaVqMYj5uNZW3wVE1RxdelGMv/7yong0hdIUnzCJI2JSPSKQgjkenujQ==",
        "dependencies": {
          "Diginsight.AspNetCore": "3.8.0.2",
          "Diginsight.Diagnostics": "3.8.0.2"
        }
      },
      "Diginsight.Diagnostics.OpenTelemetry": {
        "type": "Transitive",
        "resolved": "3.8.0.2",
        "contentHash": "wl4+arNOgdDyHnlutu7j1hfi3OmTyriF7B9blg8yRI0ka1zpZE5xBd2iBKPKnl3lN5zAnIhXkL7R7/sCQLJe3A==",
        "dependencies": {
          "Diginsight.Diagnostics": "3.8.0.2",
          "OpenTelemetry.Extensions.Hosting": "1.18.0"
        }
      },
      "Markdig": {
        "type": "Transitive",
        "resolved": "0.45.0",
        "contentHash": "ObNLcA1b+0lpNNoEg256g9faMeJZi35wZW0AnKJ4nGPJe+5qkwnV26kUvQTHuanFnSX9SdvPzOO41BVJ6XarAg=="
      },
      "Microsoft.AspNetCore.Components.WebAssembly": {
        "type": "Transitive",
        "resolved": "10.0.11",
        "contentHash": "OaZ+pEJzfejOtCkmepeJYYItNu3PA6Y2EajBwS8vr30mUjCOZWjVCr2sCqUOVw7D6+wmJwpNKtHqyzbtX/F7qQ==",
        "dependencies": {
          "Microsoft.JSInterop.WebAssembly": "10.0.11"
        }
      },
      "Microsoft.AspNetCore.Http.Connections.Client": {
        "type": "Transitive",
        "resolved": "10.0.11",
        "contentHash": "dib9kKN5aiTDGW8ecYDnJi4Zkqgy6CPf7/K26eO5le2XNDuvWVysx/4hNtteoLFvwrrqhiNZ/l+4AYcXzjtYwQ=="
      },
      "Microsoft.AspNetCore.SignalR.Client": {
        "type": "Transitive",
        "resolved": "10.0.11",
        "contentHash": "axdL5Zyv3wGD9rKOOBOOzO2jmsebEI3+7Hjfwpd33SZLea6W/72Gt9LbynGdVkPFESg3bybP7KD0SO5Q7K66Rw==",
        "dependencies": {
          "Microsoft.AspNetCore.Http.Connections.Client": "10.0.11",
          "Microsoft.AspNetCore.SignalR.Client.Core": "10.0.11"
        }
      },
      "Microsoft.AspNetCore.SignalR.Client.Core": {
        "type": "Transitive",
        "resolved": "10.0.11",
        "contentHash": "eaT/epxfM+o9hsqaU87BnrhENi72KeS0XYDBsAbPM8ZBdVlDh6CZ2n04MB3PZ1cSK8SnQUUxep4OgEkDOh8N3Q=="
      },
      "Microsoft.Azure.Amqp": {
        "type": "Transitive",
        "resolved": "2.7.0",
        "contentHash": "gm/AEakujttMzrDhZ5QpRz3fICVkYDn/oDG9SmxDP+J7R8JDBXYU9WWG7hr6wQy40mY+wjUF0yUGXDPRDRNJwQ=="
      },
      "Microsoft.Azure.Cosmos": {
        "type": "Transitive",
        "resolved": "3.62.1",
        "contentHash": "1jNOGwdtwHjk40zfxPv3dhwpqX7Ilex1PUuCPYDEMBAa3Y7HZS5GxoXbzGR+uxVJc4XKwFH9ZWkSLgswCgXlYQ==",
        "dependencies": {
          "Azure.Core": "1.44.1",
          "Microsoft.Bcl.AsyncInterfaces": "6.0.0",
          "Microsoft.Bcl.HashCode": "1.1.0",
          "System.Configuration.ConfigurationManager": "6.0.0"
        }
      },
      "Microsoft.Bcl.AsyncInterfaces": {
        "type": "Transitive",
        "resolved": "10.0.10",
        "contentHash": "TFI6OKYE1XZz4SGuTSH70c6SBdPpFktXsoa1gCxTr3mKrhmXirnvaS0tKz+J3ZWICEAmMpEGn59nO4ICtUpQXA=="
      },
      "Microsoft.Bcl.Cryptography": {
        "type": "Transitive",
        "resolved": "10.0.2",
        "contentHash": "LG9Yll3B5aNpxv0+D47g6LiOiKBIlodhcHdQwcYzo8VeexFLGqx5ymetmA2aBRyo9cCcWsQWrFsdbsr8LvmWDw=="
      },
      "Microsoft.Bcl.HashCode": {
        "type": "Transitive",
        "resolved": "1.1.0",
        "contentHash": "J2G1k+u5unBV+aYcwxo94ip16Rkp65pgWFb0R6zwJipzWNMgvqlWeuI7/+R+e8bob66LnSG+llLJ+z8wI94cHg=="
      },
      "Microsoft.Build.Tasks.Git": {
        "type": "Transitive",
        "resolved": "8.0.0",
        "contentHash": "bZKfSIKJRXLTuSzLudMFte/8CempWjVamNUR5eHJizsy+iuOuO/k2gnh7W0dHJmYY0tBf+gUErfluCv5mySAOQ=="
      },
      "Microsoft.Extensions.DependencyModel": {
        "type": "Transitive",
        "resolved": "10.0.0",
        "contentHash": "RFYJR7APio/BiqdQunRq6DB+nDB6nc2qhHr77mlvZ0q0BT8PubMXN7XicmfzCbrDE/dzhBnUKBRXLTcqUiZDGg=="
      },
      "Microsoft.Extensions.Logging.Log4Net.AspNetCore": {
        "type": "Transitive",
        "resolved": "10.0.0",
        "contentHash": "ASXCV+/IuxGCiXjRnrdL1waRKaCDcxkdL1U2yqteJzGcyXN+qLf6wTLBR12sQIhK36d1um6P55AaWqlXf+X0xg==",
        "dependencies": {
          "log4net": "3.3.0"
        }
      },
      "Microsoft.Identity.Client": {
        "type": "Transitive",
        "resolved": "4.88.0",
        "contentHash": "7Eg+0J3DQyy/HNMucGScRBCcxetZUJkti8KNxY6K/HtM5BsyYQpc25agW0xxKmjvpaZY9XcEbyUL7DbSkIIcZQ==",
        "dependencies": {
          "Microsoft.IdentityModel.Abstractions": "8.14.0"
        }
      },
      "Microsoft.Identity.Client.Extensions.Msal": {
        "type": "Transitive",
        "resolved": "4.84.2",
        "contentHash": "+D98LaU3dOu/Nzs6kgbBJapMvH7iwYcAeC99XwSkpmEadsPv6rozecOl9P6m4A3RfpOuPt9e6J6TwwUUp3+M4w==",
        "dependencies": {
          "Microsoft.Identity.Client": "4.84.2",
          "System.Security.Cryptography.ProtectedData": "4.5.0"
        }
      },
      "Microsoft.IdentityModel.Abstractions": {
        "type": "Transitive",
        "resolved": "8.22.0",
        "contentHash": "LU3V3owsu4vGpCg2kyL7SsQEuHwcoJ8FSNBqzLADzCf3/PcKUTcx5Plsd51DoTJMfK/WigXV/03UhaN5JXE6uQ=="
      },
      "Microsoft.IdentityModel.JsonWebTokens": {
        "type": "Transitive",
        "resolved": "8.22.0",
        "contentHash": "kv6peMLjALZLDAy2H3F77KjVRdwiscn2p/g3ui2chcbuEcAX2MpAbyDcYnJ7Vyh8jZ1aJWrniUMCDWoOgnu4NQ==",
        "dependencies": {
          "Microsoft.IdentityModel.Tokens": "8.22.0"
        }
      },
      "Microsoft.IdentityModel.Logging": {
        "type": "Transitive",
        "resolved": "8.22.0",
        "contentHash": "G9Tl0yXSlr2pkXv4EpXjO16M4q6oo9N/od+gNyOusZ8yM8LZg1H3f/QOMFuOJiV6znzY5MkAREU97JRRnqpEQw==",
        "dependencies": {
          "Microsoft.IdentityModel.Abstractions": "8.22.0"
        }
      },
      "Microsoft.IdentityModel.Tokens": {
        "type": "Transitive",
        "resolved": "8.22.0",
        "contentHash": "i4lywKKUuVmheCUA+w/q8QNPReNI0qanHI9hhz48AFqD1ljyb8sxPL2RbXOGiPV13XdJ4kxieL9ukS7tD43LxA==",
        "dependencies": {
          "Microsoft.Bcl.Cryptography": "10.0.2",
          "Microsoft.IdentityModel.Logging": "8.22.0"
        }
      },
      "Microsoft.JSInterop.WebAssembly": {
        "type": "Transitive",
        "resolved": "10.0.11",
        "contentHash": "WtlvldXFOdft4tFW4Y3lTnRqZfGYebOBPMXZAy9Yp3gv0A88rNbDtXcuoppvqsVWe4cIG95iEXFmXB+nvuEN3Q=="
      },
      "Microsoft.SourceLink.Common": {
        "type": "Transitive",
        "resolved": "8.0.0",
        "contentHash": "dk9JPxTCIevS75HyEQ0E4OVAFhB2N+V9ShCXf8Q6FkUQZDkgLI12y679Nym1YqsiSysuQskT7Z+6nUf3yab6Vw=="
      },
      "Microsoft.Win32.SystemEvents": {
        "type": "Transitive",
        "resolved": "6.0.0",
        "contentHash": "hqTM5628jSsQiv+HGpiq3WKBl2c8v1KZfby2J6Pr7pEPlK9waPdgEO6b8A/+/xn/yZ9ulv8HuqK71ONy2tg67A=="
      },
      "Newtonsoft.Json": {
        "type": "Transitive",
        "resolved": "13.0.4",
        "contentHash": "pdgNNMai3zv51W5aq268sujXUyx7SNdE2bj1wZcWjAQrKMFZV260lbqYop1d2GM67JI1huLRwxo9ZqnfF/lC6A=="
      },
      "OpenTelemetry.Api": {
        "type": "Transitive",
        "resolved": "1.18.0",
        "contentHash": "Dhzm5oughIY9EWckt2J1yXcEbXpki5WCL2q7prJoYxzH6C7jdkfGtPMTkUVZZ4AhjJKzQnlC+kLSIlmIVwC4Vw=="
      },
      "OpenTelemetry.Api.ProviderBuilderExtensions": {
        "type": "Transitive",
        "resolved": "1.18.0",
        "contentHash": "io6A6PJFp3vIObRGf6oPjdHsdglkinXt/0SpTDJHrVnsLxUtOzwh/QwTsnhBJ43wJ6QcGMkyNzsSSY8XEB1Q5Q==",
        "dependencies": {
          "OpenTelemetry.Api": "1.18.0"
        }
      },
      "OpenTelemetry.PersistentStorage.Abstractions": {
        "type": "Transitive",
        "resolved": "1.0.3",
        "contentHash": "7nSE1uLY0KOHRssg1xQydDZJ/s9zECOzFT/gSDIp1KTxbgd1yziuMTsdBKZ/N1BbpUxfH6Pjq5OMd7lYogwReA=="
      },
      "OpenTelemetry.PersistentStorage.FileSystem": {
        "type": "Transitive",
        "resolved": "1.0.3",
        "contentHash": "3k+yCroJcGBtZIia+0LgzMlBuD0U95BzcWNEGWedusBaRAD8EmkaCPAUwaCtFbb/Mg7HywbIG2zuenANPYFJ0g==",
        "dependencies": {
          "OpenTelemetry.PersistentStorage.Abstractions": "1.0.3"
        }
      },
      "Pastel": {
        "type": "Transitive",
        "resolved": "7.0.1",
        "contentHash": "qLANIt80UgHVjEWtDJBpqunbhfqUVcSrY8SaZcJpfFDq3ZzzQntsNyWyizb9UoNHqvK/wRgENdI163CymyEbmQ=="
      },
      "Pipelines.Sockets.Unofficial": {
        "type": "Transitive",
        "resolved": "2.2.16",
        "contentHash": "nonu9l0YrZH6krVYbskBjE7uG0VMAnvOQ9PU+RmzUsy+++vHkqzzCkHRoP877OiA3iRTxJyNDLfpcU8hrJ3/YQ=="
      },
      "Polly.Core": {
        "type": "Transitive",
        "resolved": "8.7.0",
        "contentHash": "BS2t+nsBer16PIebCEPNBK5fgMisADQyRCd7K+BgkMWpFmSaiYE+rVVNpFhGRqUkJmNSLmw0uCNzHHWfgml28Q=="
      },
      "Scrutor": {
        "type": "Transitive",
        "resolved": "7.0.0",
        "contentHash": "wHWaroody48jnlLoq/REwUltIFLxplXyHTP+sttrc8P7+jkiVqf38afDidJNv4qgD/6zz2NKOYg06xLZ1bG7wQ==",
        "dependencies": {
          "Microsoft.Extensions.DependencyModel": "10.0.0"
        }
      },
      "StackExchange.Redis": {
        "type": "Transitive",
        "resolved": "2.13.17",
        "contentHash": "P7o7ZDBAmBrOLQEw8Pt44iIA08ioj48smRxn4Jp6yzCu6P3DOSU6lj7f+IOtN3pPvSgC9YufvM92ycukEEBCYQ==",
        "dependencies": {
          "Pipelines.Sockets.Unofficial": "2.2.16",
          "System.IO.Hashing": "10.0.2"
        }
      },
      "System.ClientModel": {
        "type": "Transitive",
        "resolved": "1.15.0",
        "contentHash": "y6zQLInrpX+oGL1gXM04DrUSu1O1esWxt4rD/zrujTnzIFChn/noD1OiVVpTrU8ZvglwqO2Uw038svUR3SiAOg==",
        "dependencies": {
          "System.Memory.Data": "10.0.9"
        }
      },
      "System.Configuration.ConfigurationManager": {
        "type": "Transitive",
        "resolved": "6.0.0",
        "contentHash": "7T+m0kDSlIPTHIkPMIu6m6tV6qsMqJpvQWW2jIc2qi7sn40qxFo0q+7mEQAhMPXZHMKnWrnv47ntGlM/ejvw3g==",
        "dependencies": {
          "System.Security.Cryptography.ProtectedData": "6.0.0",
          "System.Security.Permissions": "6.0.0"
        }
      },
      "System.Drawing.Common": {
        "type": "Transitive",
        "resolved": "6.0.0",
        "contentHash": "NfuoKUiP2nUWwKZN6twGqXioIe1zVD0RIj2t976A+czLHr2nY454RwwXs6JU9Htc6mwqL6Dn/nEL3dpVf2jOhg==",
        "dependencies": {
          "Microsoft.Win32.SystemEvents": "6.0.0"
        }
      },
      "System.IdentityModel.Tokens.Jwt": {
        "type": "Transitive",
        "resolved": "8.22.0",
        "contentHash": "CpXGfNhLl6EgYaOC9XYsc1p7Ci9HtAy0soHJDSBNGse647al4tTq9RDr+LQsrF4Ls79Dx7VfzN34km0W4DWPow==",
        "dependencies": {
          "Microsoft.IdentityModel.JsonWebTokens": "8.22.0",
          "Microsoft.IdentityModel.Tokens": "8.22.0"
        }
      },
      "System.Interactive.Async": {
        "type": "Transitive",
        "resolved": "7.0.1",
        "contentHash": "oL1iox7sAJL8i+muGzVMQjDB0axQgOoT5CkwYdap8cQJMkWDWMRErNqhOcZkn31+aKr/uCfgMEdhUARCU4G7gg=="
      },
      "System.IO.Hashing": {
        "type": "Transitive",
        "resolved": "10.0.3",
        "contentHash": "La6ICwsdTKhVX+LKN+pvFjQRR3LhLwq3uKdi2knjLzRyPYBSydF4cjXidYxIiTcDD6XVYdsBWQEI8ZxiZ/OdIg=="
      },
      "System.Linq.Async": {
        "type": "Transitive",
        "resolved": "7.0.1",
        "contentHash": "gwQtBHVY/WgqWgAYSe4JspXR+f1FvMbVIW4ixsJpGV/Kj8Nun3zp1ajIdvCWfmac8ektJGVLiJ/OR8JU9nZnMg==",
        "dependencies": {
          "System.Interactive.Async": "7.0.1"
        }
      },
      "System.Linq.Async.Queryable": {
        "type": "Transitive",
        "resolved": "7.0.1",
        "contentHash": "kC3gqcz/yvrMUq6twgVtodTW3+vRCcx5NUijERHEPx1Ek+8ppNHb1MybYdHkUr9T2+kL6XMY9cbBRAesRVRG2A==",
        "dependencies": {
          "System.Linq.Async": "7.0.1"
        }
      },
      "System.Memory.Data": {
        "type": "Transitive",
        "resolved": "10.0.10",
        "contentHash": "roR+5AeOpflUxJQlqSfsZs/Bvi1uw4KBuTkIgF1e8l0RdalG4AUn84+sjJLclEfOV85gAjc8+Pp540qjDE5UIg=="
      },
      "System.Security.Cryptography.ProtectedData": {
        "type": "Transitive",
        "resolved": "10.0.11",
        "contentHash": "PNoxCTPb+Tlux+GJyq4c89ddYdpioVSqfGx8pqOF6shCSKwUNNctXhQtRkCICjbJmGrJJsW8NY52kVYO/b8mlQ=="
      },
      "System.Security.Permissions": {
        "type": "Transitive",
        "resolved": "6.0.0",
        "contentHash": "T/uuc7AklkDoxmcJ7LGkyX1CcSviZuLCa4jg3PekfJ7SU0niF0IVTXwUiNVP9DSpzou2PpxJ+eNY2IfDM90ZCg==",
        "dependencies": {
          "System.Windows.Extensions": "6.0.0"
        }
      },
      "System.Windows.Extensions": {
        "type": "Transitive",
        "resolved": "6.0.0",
        "contentHash": "IXoJOXIqc39AIe+CIR7koBtRGMiCt/LPM3lI+PELtDIy9XdyeSrwXFdWV9dzJ2Awl0paLWUaknLxFQ5HpHZUog==",
        "dependencies": {
          "System.Drawing.Common": "6.0.0"
        }
      },
      "diginsight.smartdocs.web.client": {
        "type": "Project",
        "dependencies": {
          "Diginsight.SmartDocs.Web.Shared": "[1.0.0, )",
          "Microsoft.AspNetCore.Components.WebAssembly": "[10.0.*, )",
          "Microsoft.AspNetCore.SignalR.Client": "[10.0.*, )"
        }
      },
      "diginsight.smartdocs.web.shared": {
        "type": "Project",
        "dependencies": {
          "Markdig": "[0.*, )"
        }
      }
    }
  }
}