{
  "version": 1,
  "dependencies": {
    "net10.0": {
      "Azure.Core": {
        "type": "Direct",
        "requested": "[1.*, )",
        "resolved": "1.61.0",
        "contentHash": "sns4J9zz7NCpfNYz9rMIly5/TjDkNsTnPAr4nNr0BUBzn6tn6RNOEHOKb7A7DhJj/dEFMSevp3Ye36cUiNmsfg==",
        "dependencies": {
          "Microsoft.Bcl.AsyncInterfaces": "10.0.9",
          "Microsoft.Identity.Client": "4.84.2",
          "Microsoft.Identity.Client.Extensions.Msal": "4.84.2",
          "System.ClientModel": "1.15.0",
          "System.Memory.Data": "10.0.9"
        }
      },
      "Azure.Extensions.AspNetCore.Configuration.Secrets": {
        "type": "Direct",
        "requested": "[1.*, )",
        "resolved": "1.5.1",
        "contentHash": "2Io9af/y8GH1jfu//BQrYcwb+MZOJG+au2KCv+ltWM6PBCghbhaDyZWDkYWNWIougZgoHtyKM0CnlGi+9XAu/A==",
        "dependencies": {
          "Azure.Core": "1.54.0",
          "Azure.Security.KeyVault.Secrets": "4.10.0"
        }
      },
      "Azure.Identity": {
        "type": "Direct",
        "requested": "[1.*, )",
        "resolved": "1.21.0",
        "contentHash": "GeFv8sGwRKvDKwI2WFy8r0mhmlxEVZg24Sit2NogTjiSO8RVjllWM65OT6e1sKjOvG8V74y7hAbaELUUPjZQSw==",
        "dependencies": {
          "Azure.Core": "1.53.0"
        }
      },
      "Azure.Monitor.OpenTelemetry.AspNetCore": {
        "type": "Direct",
        "requested": "[1.*, )",
        "resolved": "1.6.0",
        "contentHash": "9H0JgEl5yVdpOz+GqPBL5Qtfw0k/gAQ9iD8L+W9ucrxwMG/CMwdAg4mWdLWKUvW56iDCQ8PAHVVCxC4Hg5l1AA==",
        "dependencies": {
          "Azure.Core": "1.60.0",
          "Azure.Monitor.OpenTelemetry.Exporter": "1.8.3",
          "OpenTelemetry.Extensions.Hosting": "1.15.3",
          "OpenTelemetry.Instrumentation.AspNetCore": "1.15.2",
          "OpenTelemetry.Instrumentation.Http": "1.15.1"
        }
      },
      "Azure.Storage.Blobs": {
        "type": "Direct",
        "requested": "[12.*, )",
        "resolved": "12.29.1",
        "contentHash": "pWh7xZBto8YcwiO853AB3uijTfVqs9PDte0Bu9/Zd8O9nwKiitWm0Jej1vsNkmYUzeG1552f8vJPjmtW30pBUQ==",
        "dependencies": {
          "Azure.Core": "1.55.0",
          "Azure.Storage.Common": "12.28.0"
        }
      },
      "Diginsight.Components": {
        "type": "Direct",
        "requested": "[1.*, )",
        "resolved": "1.0.0.104",
        "contentHash": "56ZGogu2Pxyfn7KOSUkElPY84lasLXVhdxlrOUi7BJTNQ9R7s2iOOkHApRoDPxPucgaveCPHpyqEhHrdG6PeXg==",
        "dependencies": {
          "Diginsight.Components.Abstractions": "1.0.0.104",
          "Diginsight.Core": "3.7.1.13",
          "Diginsight.Diagnostics": "3.7.1.13",
          "Microsoft.Identity.Client": "4.84.1",
          "Newtonsoft.Json": "13.0.4",
          "System.IdentityModel.Tokens.Jwt": "8.18.0",
          "System.Security.Cryptography.ProtectedData": "10.0.8"
        }
      },
      "Diginsight.Components.Azure": {
        "type": "Direct",
        "requested": "[1.*, )",
        "resolved": "1.0.0.104",
        "contentHash": "7hhK8tNdZ2BqtN4DqI8DJXXNON+Qe8+0I25IgbsgZWTlv7nTmvQM4F4HWyhlCdMaaauHLjQL2wYVCnNg+kdLow==",
        "dependencies": {
          "Azure.Data.Tables": "12.11.0",
          "Diginsight.Components": "1.0.0.104",
          "Diginsight.Components.Azure.Abstractions": "1.0.0.104",
          "Diginsight.Components.Configuration.Abstractions": "1.0.0.104",
          "Diginsight.Core": "3.7.1.13",
          "Diginsight.Diagnostics": "3.7.1.13",
          "Microsoft.Azure.Cosmos": "3.60.0",
          "System.Linq.Async": "7.0.1",
          "System.Linq.Async.Queryable": "7.0.1"
        }
      },
      "Diginsight.Components.Configuration": {
        "type": "Direct",
        "requested": "[1.*, )",
        "resolved": "1.0.0.104",
        "contentHash": "9VNCnHKW5S6+85PNN2drwKDjQYKsL0kt6iUO2bT+hcweJhfiUrDSnSjSXYzusN+LOc6bcbqnEwKT1Wq9VAWu7w==",
        "dependencies": {
          "Azure.Core": "1.57.0",
          "Azure.Extensions.AspNetCore.Configuration.Secrets": "1.5.1",
          "Azure.Identity": "1.21.0",
          "Azure.Monitor.OpenTelemetry.AspNetCore": "1.5.0",
          "Diginsight.Components.Azure": "1.0.0.104",
          "Diginsight.Components.Configuration.Abstractions": "1.0.0.104",
          "Diginsight.Core": "3.7.1.13",
          "Diginsight.Diagnostics": "3.7.1.13",
          "Diginsight.Diagnostics.AspNetCore": "3.7.1.13",
          "Diginsight.Diagnostics.AspNetCore.OpenTelemetry": "3.7.1.13",
          "Diginsight.Diagnostics.Log4Net": "3.7.1.13",
          "Diginsight.Diagnostics.OpenTelemetry": "3.7.1.13",
          "Microsoft.Identity.Client": "4.84.1",
          "OpenTelemetry.Instrumentation.Runtime": "1.15.1",
          "Scrutor": "7.0.0"
        }
      },
      "Diginsight.Core": {
        "type": "Direct",
        "requested": "[3.7.*, )",
        "resolved": "3.7.1.13",
        "contentHash": "Ds14x3WIyHMqcFQCm3F+zVadxBCHrZllOiBmCbx9y4ClO9tjXyZmYL8WiM192I6taWqnd3Qs/7RU2WaPDYZ9Yw==",
        "dependencies": {
          "Diginsight.Polyfills": "3.7.1.13",
          "Scrutor": "7.0.0"
        }
      },
      "Diginsight.Diagnostics": {
        "type": "Direct",
        "requested": "[3.7.*, )",
        "resolved": "3.7.1.13",
        "contentHash": "/BpRk6KDh24mb2Goljs1+jXoh+Ll9fybwore00aI48owygZKDqdQi0ORTU+ppUOfRxB8Sx/OaGFeuZNa869QOg==",
        "dependencies": {
          "Diginsight.Stringify": "3.7.1.13",
          "Pastel": "7.0.1"
        }
      },
      "Diginsight.Diagnostics.AspNetCore.OpenTelemetry": {
        "type": "Direct",
        "requested": "[3.7.*, )",
        "resolved": "3.7.1.13",
        "contentHash": "LMwJS4pbNjtlqMW/DD7i2NfpHiNAHJSGNbYkO9QBZIMdMGfahirMQBsoZNUD0VB7JtYB5PLHZGNlyKEwIUZRSA==",
        "dependencies": {
          "Diginsight.Diagnostics.AspNetCore": "3.7.1.13",
          "Diginsight.Diagnostics.OpenTelemetry": "3.7.1.13"
        }
      },
      "Diginsight.Diagnostics.Log4Net": {
        "type": "Direct",
        "requested": "[3.7.*, )",
        "resolved": "3.7.1.13",
        "contentHash": "CmlGNa/ACeHOq4NMpu2FcpowHYJLChQbfhzVqKEVXP/BnIcv+xe1hkYTu124SlLcd1OsMVKYdSbIficjfjRhWw==",
        "dependencies": {
          "Diginsight.Diagnostics": "3.7.1.13",
          "Microsoft.Extensions.Logging.Log4Net.AspNetCore": "10.0.0"
        }
      },
      "Diginsight.SmartCache": {
        "type": "Direct",
        "requested": "[3.7.*, )",
        "resolved": "3.7.1.14",
        "contentHash": "iQb/gWlrSvI/TjUwLR8/ObZfRU2uOmzptUkMLwWUv5nQU0+X5sJ97fGp3NHXZPVsvlBG+NwcXIptTnB9VHzF3g==",
        "dependencies": {
          "Diginsight.Core": "3.7.1.13",
          "Diginsight.Diagnostics": "3.7.1.13",
          "Newtonsoft.Json": "13.0.4"
        }
      },
      "Diginsight.SmartCache.Externalization.Http": {
        "type": "Direct",
        "requested": "[3.7.*, )",
        "resolved": "3.7.1.14",
        "contentHash": "fb1Tgg5fNB0vVmiU7Fz50jD0TaC+h6IZF5resz4Fjjt8P3bzAg7fB4ebVnehF7+QGMYD6RPPXqmOVYe5i8HExQ==",
        "dependencies": {
          "Diginsight.Diagnostics": "3.7.1.13",
          "Diginsight.SmartCache": "3.7.1.14"
        }
      },
      "Diginsight.SmartCache.Externalization.Redis": {
        "type": "Direct",
        "requested": "[3.7.*, )",
        "resolved": "3.7.1.14",
        "contentHash": "XzKqyextGLF0uSRGxoilToH86VHd2cjplMia82J80VEbF7Wz3jjlbH5WoybeHrTMuEF3OuJ416tv1/1ttI+JOQ==",
        "dependencies": {
          "Diginsight.Diagnostics": "3.7.1.13",
          "Diginsight.SmartCache": "3.7.1.14",
          "StackExchange.Redis": "2.13.1"
        }
      },
      "Diginsight.SmartCache.Externalization.ServiceBus": {
        "type": "Direct",
        "requested": "[3.7.*, )",
        "resolved": "3.7.1.14",
        "contentHash": "f7W4jknkQLtlZSxDnelTDYEKS5at5kZNiNRnnRx/PHKm5wzQFwllwBGBNLaL96IvvhcaXUKWdFkZWpDtWiGYEA==",
        "dependencies": {
          "Azure.Messaging.ServiceBus": "7.20.1",
          "Diginsight.Diagnostics": "3.7.1.13",
          "Diginsight.SmartCache": "3.7.1.14",
          "Polly.Core": "8.6.6"
        }
      },
      "Diginsight.Stringify": {
        "type": "Direct",
        "requested": "[3.7.*, )",
        "resolved": "3.7.1.13",
        "contentHash": "2uZO2+2GhYlIxqvjh91zNBmTFZ7PZBuRNebnibu+AHZGXPWr5NPH07pTUlkWPDLbRWBQp5n7kpH9gjUxCanpXg==",
        "dependencies": {
          "Diginsight.Core": "3.7.1.13"
        }
      },
      "log4net": {
        "type": "Direct",
        "requested": "[3.*, )",
        "resolved": "3.3.2",
        "contentHash": "fwRZAWPkK1zAlxAvn8lhfuHzQV+++F6ReJbimt9QIPwI4s2FSRjCZLgq5e12PTD5ynkPf/zGki6QbJ9LWQTeNg==",
        "dependencies": {
          "System.Configuration.ConfigurationManager": "4.5.0"
        }
      },
      "Microsoft.AspNetCore.App.Internal.Assets": {
        "type": "Direct",
        "requested": "[10.0.11, )",
        "resolved": "10.0.11",
        "contentHash": "tYYYBZsuF2DSz1I3hcfB8qC4nNekIKufkYZOJ2R28fNK3PkS7fJao/mIX5H84NH94UACZQ4dhvt8GDlkrJFwLg=="
      },
      "Microsoft.AspNetCore.Components.WebAssembly.Server": {
        "type": "Direct",
        "requested": "[10.0.*, )",
        "resolved": "10.0.11",
        "contentHash": "El0lkzjqwWVKmFC4tS0orMxysMNwElGNM1lLNYyqBh8SLsP5c+EDDrZS4FAv0bcqc+t1nxosnzqrd0ob+XASPQ==",
        "dependencies": {
          "Microsoft.AspNetCore.Components.WebAssembly": "10.0.11"
        }
      },
      "Microsoft.SourceLink.GitHub": {
        "type": "Direct",
        "requested": "[8.*, )",
        "resolved": "8.0.0",
        "contentHash": "G5q7OqtwIyGTkeIOAc3u2ZuV/kicQaec5EaRnc0pIeSnh9LUjj+PYQrJYBURvDt7twGl2PKA7nSN0kz1Zw5bnQ==",
        "dependencies": {
          "Microsoft.Build.Tasks.Git": "8.0.0",
          "Microsoft.SourceLink.Common": "8.0.0"
        }
      },
      "OpenTelemetry": {
        "type": "Direct",
        "requested": "[1.*, )",
        "resolved": "1.17.0",
        "contentHash": "rMLOTftlMlTm7+MSrvXDHnJRjVkROFNKXHZrYjOsX+LankaFG7QSflx7qRRGjoqZoirohnxmJQ7GEb9occO4Gg==",
        "dependencies": {
          "OpenTelemetry.Api.ProviderBuilderExtensions": "1.17.0"
        }
      },
      "OpenTelemetry.Exporter.Console": {
        "type": "Direct",
        "requested": "[1.*, )",
        "resolved": "1.17.0",
        "contentHash": "sSoCa2DMCkw7tQabiVduwKWVyg9ungCiwh+0JuDPODF6CuYvR+OCuJwqcbzJsTMecWQrbgL8OYWAt3GC5tJGhw==",
        "dependencies": {
          "OpenTelemetry": "1.17.0"
        }
      },
      "OpenTelemetry.Exporter.OpenTelemetryProtocol": {
        "type": "Direct",
        "requested": "[1.*, )",
        "resolved": "1.17.0",
        "contentHash": "R1omQOrQpGlS0Cp5UIr/TAiuEA48JrPlgr1NPV5gESiTU7HhWU+ILe2EBSYb1fKdsSavZ7nZkHcUxAzofPqr2A==",
        "dependencies": {
          "OpenTelemetry": "1.17.0"
        }
      },
      "OpenTelemetry.Extensions.Hosting": {
        "type": "Direct",
        "requested": "[1.*, )",
        "resolved": "1.17.0",
        "contentHash": "t1OwL/4qgboGMobYVT+UV5zgWnFqCp4Pw8lcsmzh8m2K8PQsTKkyxrC32tqYTMYny3GOW4q5cltE3dTVzLmRew==",
        "dependencies": {
          "OpenTelemetry": "1.17.0"
        }
      },
      "OpenTelemetry.Instrumentation.AspNetCore": {
        "type": "Direct",
        "requested": "[1.*, )",
        "resolved": "1.17.0",
        "contentHash": "rGbmk1vuy1kvgZmE0ps7Vb99YZvDap6AalrrF60FwnNit1uW/PbeFZj1cpb0T8MPkYmjhBrRJ1/JB6QqXkRjHA==",
        "dependencies": {
          "OpenTelemetry.Api.ProviderBuilderExtensions": "[1.17.0, 2.0.0)"
        }
      },
      "OpenTelemetry.Instrumentation.Http": {
        "type": "Direct",
        "requested": "[1.*, )",
        "resolved": "1.17.0",
        "contentHash": "uTwVtxIJ/xB96wGYTaDsbkJVeCFdUxTwvrlDUn2YJixy0UuKc8DvQMzwKNJMTzNFiiyYO9c40id6tUHTmWs33A==",
        "dependencies": {
          "OpenTelemetry.Api.ProviderBuilderExtensions": "[1.17.0, 2.0.0)"
        }
      },
      "OpenTelemetry.Instrumentation.Runtime": {
        "type": "Direct",
        "requested": "[1.*, )",
        "resolved": "1.17.0",
        "contentHash": "HyYenisDn/xdtyVXdjImsCl+RNC2gq01N0rvSR7tsYAylXR2sxX/YgMsyTajMXA27+r1vB7lNU8cWRhV0fwL+Q==",
        "dependencies": {
          "OpenTelemetry.Api": "[1.17.0, 2.0.0)"
        }
      },
      "Azure.Core.Amqp": {
        "type": "Transitive",
        "resolved": "1.3.1",
        "contentHash": "AY1ZM4WwLBb9L2WwQoWs7wS2XKYg83tp3yVVdgySdebGN0FuIszuEqCy3Nhv6qHpbkjx/NGuOTsUbF/oNGBgwA==",
        "dependencies": {
          "Microsoft.Azure.Amqp": "2.6.7",
          "System.Memory.Data": "1.0.2"
        }
      },
      "Azure.Data.Tables": {
        "type": "Transitive",
        "resolved": "12.11.0",
        "contentHash": "MabH2HegMvZA1ocaMhEfW/idyTa3CoH64s43/V9/KFRGdVqEj0EETvd3ItDe6Bbs2teiR40KE9Kz9NLDc5DJJw==",
        "dependencies": {
          "Azure.Core": "1.44.1"
        }
      },
      "Azure.Messaging.ServiceBus": {
        "type": "Transitive",
        "resolved": "7.20.1",
        "contentHash": "DxCkedWPQuiXrIyFcriOhsQcZmDZW+j9d55Ev4nnK3yjMUFjlVe4Hj37fuZTJlNhC3P+7EumqBTt33R6DfOxGA==",
        "dependencies": {
          "Azure.Core": "1.46.2",
          "Azure.Core.Amqp": "1.3.1",
          "Microsoft.Azure.Amqp": "2.7.0"
        }
      },
      "Azure.Monitor.OpenTelemetry.Exporter": {
        "type": "Transitive",
        "resolved": "1.8.3",
        "contentHash": "hZ35hXxiRuJcT67u970iqqJ+z2ol3Sg23/m1wwNNh8uzK/48uB9iJ3va9PQ7gXn6kij6wzowUe5olPPfObkEug==",
        "dependencies": {
          "Azure.Core": "1.60.0",
          "OpenTelemetry.Extensions.Hosting": "1.15.3",
          "OpenTelemetry.PersistentStorage.FileSystem": "1.0.3"
        }
      },
      "Azure.Security.KeyVault.Secrets": {
        "type": "Transitive",
        "resolved": "4.10.0",
        "contentHash": "lcJtcgTkk1gGy59RQhGLJLMyad+zgASMn975PVjMft69q+jjFTo6Nyq5SCtOhPY1WvA0gNI1qYIVN2oikVXDjw==",
        "dependencies": {
          "Azure.Core": "1.53.0"
        }
      },
      "Azure.Storage.Common": {
        "type": "Transitive",
        "resolved": "12.28.0",
        "contentHash": "5l8YhNrks38zKLGFW2BBFLwieyamH/xauABSASsdpZv79G0f+n2n22IjkRmUqCmALSupkwRHh2LOhbW3yj5Qgw==",
        "dependencies": {
          "Azure.Core": "1.55.0",
          "System.IO.Hashing": "10.0.3"
        }
      },
      "Diginsight.AspNetCore": {
        "type": "Transitive",
        "resolved": "3.7.1.13",
        "contentHash": "R2eK38IWYYJX2VKtwWITvwkTjUQ8Y3//PoGhhKyfC7wYgAzapum0RCCg893wQyupYqLWYz+FSy1GDCNBgN8x3w==",
        "dependencies": {
          "Diginsight.Core": "3.7.1.13",
          "Scrutor": "7.0.0"
        }
      },
      "Diginsight.Components.Abstractions": {
        "type": "Transitive",
        "resolved": "1.0.0.104",
        "contentHash": "GlZ+Z4O7YN5pzbId5AoozuWci1EfnMbHdpj6vr64Rges2aJX654E3FkplBgUcFU1ZPHUOs2okc35247iP2dWAw==",
        "dependencies": {
          "Microsoft.Identity.Client": "4.84.1"
        }
      },
      "Diginsight.Components.Azure.Abstractions": {
        "type": "Transitive",
        "resolved": "1.0.0.104",
        "contentHash": "hswUFxPOhkvcj29wmF+aUwq+odaznX8YwjGj/DuPXKorY1x3wN/gAbA4t7x+4U4Cae/NUatvZeGFZIJpiWJcZw==",
        "dependencies": {
          "Azure.Data.Tables": "12.11.0"
        }
      },
      "Diginsight.Components.Configuration.Abstractions": {
        "type": "Transitive",
        "resolved": "1.0.0.104",
        "contentHash": "uaeCAtOQrn7MuSk/GOiIB5kvOiMaC78z2qrgrLhfXWKep5l2sqGWKb7UDLAEER/Jx5oMQ2RFkH7rM/JD1FtEnQ==",
        "dependencies": {
          "Diginsight.Core": "3.7.1.13",
          "Diginsight.Diagnostics": "3.7.1.13"
        }
      },
      "Diginsight.Diagnostics.AspNetCore": {
        "type": "Transitive",
        "resolved": "3.7.1.13",
        "contentHash": "bondYElMgAswOSfHzq4an1N8vfy5uRtjqpTugeSwiHKdww3UhrHvChQehEJreDl0Pi2Hkuv4JgJ1i1l8ixZW2A==",
        "dependencies": {
          "Diginsight.AspNetCore": "3.7.1.13",
          "Diginsight.Diagnostics": "3.7.1.13"
        }
      },
      "Diginsight.Diagnostics.OpenTelemetry": {
        "type": "Transitive",
        "resolved": "3.7.1.13",
        "contentHash": "YiRVCgzkBqWTIdCPz1YDKdn6Oex4mumYHuDnoh/HrDv9roCC13o7FjBKN/NpZ2dvSChFf8vepA0YG59P9pwmTA==",
        "dependencies": {
          "Diginsight.Diagnostics": "3.7.1.13",
          "OpenTelemetry.Extensions.Hosting": "1.15.3"
        }
      },
      "Diginsight.Polyfills": {
        "type": "Transitive",
        "resolved": "3.7.1.13",
        "contentHash": "yY4ERTz/zK/03uT0HjL5mcXCO3mpdWKA6QB+R1T0qCrKxRY6bq0ZB8PZT0EWDGqV6PsbEHHLOeYRo+FA4ypW6g=="
      },
      "Markdig": {
        "type": "Transitive",
        "resolved": "0.45.0",
        "contentHash": "ObNLcA1b+0lpNNoEg256g9faMeJZi35wZW0AnKJ4nGPJe+5qkwnV26kUvQTHuanFnSX9SdvPzOO41BVJ6XarAg=="
      },
      "Microsoft.AspNetCore.Components.WebAssembly": {
        "type": "Transitive",
        "resolved": "10.0.11",
        "contentHash": "OaZ+pEJzfejOtCkmepeJYYItNu3PA6Y2EajBwS8vr30mUjCOZWjVCr2sCqUOVw7D6+wmJwpNKtHqyzbtX/F7qQ==",
        "dependencies": {
          "Microsoft.JSInterop.WebAssembly": "10.0.11"
        }
      },
      "Microsoft.AspNetCore.Http.Connections.Client": {
        "type": "Transitive",
        "resolved": "10.0.11",
        "contentHash": "dib9kKN5aiTDGW8ecYDnJi4Zkqgy6CPf7/K26eO5le2XNDuvWVysx/4hNtteoLFvwrrqhiNZ/l+4AYcXzjtYwQ=="
      },
      "Microsoft.AspNetCore.SignalR.Client": {
        "type": "Transitive",
        "resolved": "10.0.11",
        "contentHash": "axdL5Zyv3wGD9rKOOBOOzO2jmsebEI3+7Hjfwpd33SZLea6W/72Gt9LbynGdVkPFESg3bybP7KD0SO5Q7K66Rw==",
        "dependencies": {
          "Microsoft.AspNetCore.Http.Connections.Client": "10.0.11",
          "Microsoft.AspNetCore.SignalR.Client.Core": "10.0.11"
        }
      },
      "Microsoft.AspNetCore.SignalR.Client.Core": {
        "type": "Transitive",
        "resolved": "10.0.11",
        "contentHash": "eaT/epxfM+o9hsqaU87BnrhENi72KeS0XYDBsAbPM8ZBdVlDh6CZ2n04MB3PZ1cSK8SnQUUxep4OgEkDOh8N3Q=="
      },
      "Microsoft.Azure.Amqp": {
        "type": "Transitive",
        "resolved": "2.7.0",
        "contentHash": "gm/AEakujttMzrDhZ5QpRz3fICVkYDn/oDG9SmxDP+J7R8JDBXYU9WWG7hr6wQy40mY+wjUF0yUGXDPRDRNJwQ=="
      },
      "Microsoft.Azure.Cosmos": {
        "type": "Transitive",
        "resolved": "3.60.0",
        "contentHash": "v7ff0uqu1wSgtqkCjGywDCChzLZjC1xytH+0Dmq7IUwG2oaDpFrKioXTv3f+K8oCjnLDIxqrqe21CTY8kK7gVA==",
        "dependencies": {
          "Azure.Core": "1.44.1",
          "Microsoft.Bcl.AsyncInterfaces": "6.0.0",
          "Microsoft.Bcl.HashCode": "1.1.0",
          "System.Configuration.ConfigurationManager": "6.0.0"
        }
      },
      "Microsoft.Bcl.AsyncInterfaces": {
        "type": "Transitive",
        "resolved": "10.0.9",
        "contentHash": "Aq7M8lG6BrHeatqKqncVm9m55ec34k6nnfPRLe/PvGg+b/pAsRM2ejofeKmCLjTXMa+5NGXm382f8CG/D5WDow=="
      },
      "Microsoft.Bcl.HashCode": {
        "type": "Transitive",
        "resolved": "1.1.0",
        "contentHash": "J2G1k+u5unBV+aYcwxo94ip16Rkp65pgWFb0R6zwJipzWNMgvqlWeuI7/+R+e8bob66LnSG+llLJ+z8wI94cHg=="
      },
      "Microsoft.Build.Tasks.Git": {
        "type": "Transitive",
        "resolved": "8.0.0",
        "contentHash": "bZKfSIKJRXLTuSzLudMFte/8CempWjVamNUR5eHJizsy+iuOuO/k2gnh7W0dHJmYY0tBf+gUErfluCv5mySAOQ=="
      },
      "Microsoft.Extensions.DependencyModel": {
        "type": "Transitive",
        "resolved": "10.0.0",
        "contentHash": "RFYJR7APio/BiqdQunRq6DB+nDB6nc2qhHr77mlvZ0q0BT8PubMXN7XicmfzCbrDE/dzhBnUKBRXLTcqUiZDGg=="
      },
      "Microsoft.Extensions.Logging.Log4Net.AspNetCore": {
        "type": "Transitive",
        "resolved": "10.0.0",
        "contentHash": "ASXCV+/IuxGCiXjRnrdL1waRKaCDcxkdL1U2yqteJzGcyXN+qLf6wTLBR12sQIhK36d1um6P55AaWqlXf+X0xg==",
        "dependencies": {
          "log4net": "3.3.0"
        }
      },
      "Microsoft.Identity.Client": {
        "type": "Transitive",
        "resolved": "4.84.2",
        "contentHash": "Va9FjmABSgj/lcUfHH0pBNQkmS7SNyepz2ERV7Yynp6QgEYpFdSqR6Vzy1WWipN8GS5pBHuXoZbqaDWuARCrHQ==",
        "dependencies": {
          "Microsoft.IdentityModel.Abstractions": "8.14.0"
        }
      },
      "Microsoft.Identity.Client.Extensions.Msal": {
        "type": "Transitive",
        "resolved": "4.84.2",
        "contentHash": "+D98LaU3dOu/Nzs6kgbBJapMvH7iwYcAeC99XwSkpmEadsPv6rozecOl9P6m4A3RfpOuPt9e6J6TwwUUp3+M4w==",
        "dependencies": {
          "Microsoft.Identity.Client": "4.84.2",
          "System.Security.Cryptography.ProtectedData": "4.5.0"
        }
      },
      "Microsoft.IdentityModel.Abstractions": {
        "type": "Transitive",
        "resolved": "8.18.0",
        "contentHash": "8VUcDy66uw1GUC/ytyRJAUgGxydPu2rLtUbUAiniCHd5SMB/01Q28XgqFyxIqb3srz6HWTgSsZdDbkdVJr3LXQ=="
      },
      "Microsoft.IdentityModel.JsonWebTokens": {
        "type": "Transitive",
        "resolved": "8.18.0",
        "contentHash": "ZUMJt3r1zOi67AVSfnh3u9hg9KCq06roOIX5gs7FqsucSZ/VTsI89DI9h2gHyU0xOtj/qVZV2ugWS6JlLMTwHQ==",
        "dependencies": {
          "Microsoft.IdentityModel.Tokens": "8.18.0"
        }
      },
      "Microsoft.IdentityModel.Logging": {
        "type": "Transitive",
        "resolved": "8.18.0",
        "contentHash": "c2l/VEtW1XI/ifcu49xzDwgrZZ0a0aX/TwCPC7mEHFQk/KixDgtSdjB5eDhYyCO38GJiRUjeRTz9aWCy1t55ww==",
        "dependencies": {
          "Microsoft.IdentityModel.Abstractions": "8.18.0"
        }
      },
      "Microsoft.IdentityModel.Tokens": {
        "type": "Transitive",
        "resolved": "8.18.0",
        "contentHash": "c6ksXXFj5oPPsl8pfsui5zv8Gs7uxrGetXCTc1p7k7Nue/C8iBMtAVgtRrH7Esqe596QWD7KS3exKYY1FJG2iw==",
        "dependencies": {
          "Microsoft.IdentityModel.Logging": "8.18.0"
        }
      },
      "Microsoft.JSInterop.WebAssembly": {
        "type": "Transitive",
        "resolved": "10.0.11",
        "contentHash": "WtlvldXFOdft4tFW4Y3lTnRqZfGYebOBPMXZAy9Yp3gv0A88rNbDtXcuoppvqsVWe4cIG95iEXFmXB+nvuEN3Q=="
      },
      "Microsoft.SourceLink.Common": {
        "type": "Transitive",
        "resolved": "8.0.0",
        "contentHash": "dk9JPxTCIevS75HyEQ0E4OVAFhB2N+V9ShCXf8Q6FkUQZDkgLI12y679Nym1YqsiSysuQskT7Z+6nUf3yab6Vw=="
      },
      "Microsoft.Win32.SystemEvents": {
        "type": "Transitive",
        "resolved": "6.0.0",
        "contentHash": "hqTM5628jSsQiv+HGpiq3WKBl2c8v1KZfby2J6Pr7pEPlK9waPdgEO6b8A/+/xn/yZ9ulv8HuqK71ONy2tg67A=="
      },
      "Newtonsoft.Json": {
        "type": "Transitive",
        "resolved": "13.0.4",
        "contentHash": "pdgNNMai3zv51W5aq268sujXUyx7SNdE2bj1wZcWjAQrKMFZV260lbqYop1d2GM67JI1huLRwxo9ZqnfF/lC6A=="
      },
      "OpenTelemetry.Api": {
        "type": "Transitive",
        "resolved": "1.17.0",
        "contentHash": "mSBxzomZgHIJu9CyVNqyDu/n2JHEtqVgfcCD1Br0cV5iLYogjZOMqhlVLt99PEp+0KGBNUR3GXgeOdN2GR3F9g=="
      },
      "OpenTelemetry.Api.ProviderBuilderExtensions": {
        "type": "Transitive",
        "resolved": "1.17.0",
        "contentHash": "Xgc3Qf9B9TFMFpx6exTdGqMWuYIT2miNzkdMPutVvT9YuMFaEovXWke1Gb6z8NxYaQbbGF38vYLuSg1JCeui5Q==",
        "dependencies": {
          "OpenTelemetry.Api": "1.17.0"
        }
      },
      "OpenTelemetry.PersistentStorage.Abstractions": {
        "type": "Transitive",
        "resolved": "1.0.3",
        "contentHash": "7nSE1uLY0KOHRssg1xQydDZJ/s9zECOzFT/gSDIp1KTxbgd1yziuMTsdBKZ/N1BbpUxfH6Pjq5OMd7lYogwReA=="
      },
      "OpenTelemetry.PersistentStorage.FileSystem": {
        "type": "Transitive",
        "resolved": "1.0.3",
        "contentHash": "3k+yCroJcGBtZIia+0LgzMlBuD0U95BzcWNEGWedusBaRAD8EmkaCPAUwaCtFbb/Mg7HywbIG2zuenANPYFJ0g==",
        "dependencies": {
          "OpenTelemetry.PersistentStorage.Abstractions": "1.0.3"
        }
      },
      "Pastel": {
        "type": "Transitive",
        "resolved": "7.0.1",
        "contentHash": "qLANIt80UgHVjEWtDJBpqunbhfqUVcSrY8SaZcJpfFDq3ZzzQntsNyWyizb9UoNHqvK/wRgENdI163CymyEbmQ=="
      },
      "Pipelines.Sockets.Unofficial": {
        "type": "Transitive",
        "resolved": "2.2.16",
        "contentHash": "nonu9l0YrZH6krVYbskBjE7uG0VMAnvOQ9PU+RmzUsy+++vHkqzzCkHRoP877OiA3iRTxJyNDLfpcU8hrJ3/YQ=="
      },
      "Polly.Core": {
        "type": "Transitive",
        "resolved": "8.6.6",
        "contentHash": "lCBL9mmhF9TZxHG3beVRkyjlLohkIC464xIAq7J7Y59C+z42hmsdUaeCKl2SIAYertOUU5TeBXyQDLDQGIKePQ=="
      },
      "Scrutor": {
        "type": "Transitive",
        "resolved": "7.0.0",
        "contentHash": "wHWaroody48jnlLoq/REwUltIFLxplXyHTP+sttrc8P7+jkiVqf38afDidJNv4qgD/6zz2NKOYg06xLZ1bG7wQ==",
        "dependencies": {
          "Microsoft.Extensions.DependencyModel": "10.0.0"
        }
      },
      "StackExchange.Redis": {
        "type": "Transitive",
        "resolved": "2.13.1",
        "contentHash": "jC5wkRe8K6HPoDENUws+fl2d7+GKz+ky8SWEDzYzPx6hHt2EwxWm01gmYPWLzlT49jfYYap0guB5bExtyX9aIQ==",
        "dependencies": {
          "Pipelines.Sockets.Unofficial": "2.2.16",
          "System.IO.Hashing": "10.0.2"
        }
      },
      "System.ClientModel": {
        "type": "Transitive",
        "resolved": "1.15.0",
        "contentHash": "y6zQLInrpX+oGL1gXM04DrUSu1O1esWxt4rD/zrujTnzIFChn/noD1OiVVpTrU8ZvglwqO2Uw038svUR3SiAOg==",
        "dependencies": {
          "System.Memory.Data": "10.0.9"
        }
      },
      "System.Configuration.ConfigurationManager": {
        "type": "Transitive",
        "resolved": "6.0.0",
        "contentHash": "7T+m0kDSlIPTHIkPMIu6m6tV6qsMqJpvQWW2jIc2qi7sn40qxFo0q+7mEQAhMPXZHMKnWrnv47ntGlM/ejvw3g==",
        "dependencies": {
          "System.Security.Cryptography.ProtectedData": "6.0.0",
          "System.Security.Permissions": "6.0.0"
        }
      },
      "System.Drawing.Common": {
        "type": "Transitive",
        "resolved": "6.0.0",
        "contentHash": "NfuoKUiP2nUWwKZN6twGqXioIe1zVD0RIj2t976A+czLHr2nY454RwwXs6JU9Htc6mwqL6Dn/nEL3dpVf2jOhg==",
        "dependencies": {
          "Microsoft.Win32.SystemEvents": "6.0.0"
        }
      },
      "System.IdentityModel.Tokens.Jwt": {
        "type": "Transitive",
        "resolved": "8.18.0",
        "contentHash": "JxKlBca3/eXeH4koAGjEXOwrBdtwyDXwHXdYT5TQunp64TcVBl4wBCfmlGwhSG017Q/Qrz24leLxV6v2eknnJg==",
        "dependencies": {
          "Microsoft.IdentityModel.JsonWebTokens": "8.18.0",
          "Microsoft.IdentityModel.Tokens": "8.18.0"
        }
      },
      "System.Interactive.Async": {
        "type": "Transitive",
        "resolved": "7.0.1",
        "contentHash": "oL1iox7sAJL8i+muGzVMQjDB0axQgOoT5CkwYdap8cQJMkWDWMRErNqhOcZkn31+aKr/uCfgMEdhUARCU4G7gg=="
      },
      "System.IO.Hashing": {
        "type": "Transitive",
        "resolved": "10.0.3",
        "contentHash": "La6ICwsdTKhVX+LKN+pvFjQRR3LhLwq3uKdi2knjLzRyPYBSydF4cjXidYxIiTcDD6XVYdsBWQEI8ZxiZ/OdIg=="
      },
      "System.Linq.Async": {
        "type": "Transitive",
        "resolved": "7.0.1",
        "contentHash": "gwQtBHVY/WgqWgAYSe4JspXR+f1FvMbVIW4ixsJpGV/Kj8Nun3zp1ajIdvCWfmac8ektJGVLiJ/OR8JU9nZnMg==",
        "dependencies": {
          "System.Interactive.Async": "7.0.1"
        }
      },
      "System.Linq.Async.Queryable": {
        "type": "Transitive",
        "resolved": "7.0.1",
        "contentHash": "kC3gqcz/yvrMUq6twgVtodTW3+vRCcx5NUijERHEPx1Ek+8ppNHb1MybYdHkUr9T2+kL6XMY9cbBRAesRVRG2A==",
        "dependencies": {
          "System.Linq.Async": "7.0.1"
        }
      },
      "System.Memory.Data": {
        "type": "Transitive",
        "resolved": "10.0.9",
        "contentHash": "YweovHiLUoEdbr2Xv8eRqCSkTu1vMms4a6xBHaQiMSFVy32PL+hXv6Vhol2NWOmLHjaVgTyhJ3R52U6JxS6w3Q=="
      },
      "System.Security.Cryptography.ProtectedData": {
        "type": "Transitive",
        "resolved": "10.0.8",
        "contentHash": "/ldVgSfImIBp6fLWS7sLH0BnmtFj0ZwGlZo4Xx2q0K3ZhJNDbW45kj2f6zPoC+L+BTINuHdMzTsopuwmkbgcNA=="
      },
      "System.Security.Permissions": {
        "type": "Transitive",
        "resolved": "6.0.0",
        "contentHash": "T/uuc7AklkDoxmcJ7LGkyX1CcSviZuLCa4jg3PekfJ7SU0niF0IVTXwUiNVP9DSpzou2PpxJ+eNY2IfDM90ZCg==",
        "dependencies": {
          "System.Windows.Extensions": "6.0.0"
        }
      },
      "System.Windows.Extensions": {
        "type": "Transitive",
        "resolved": "6.0.0",
        "contentHash": "IXoJOXIqc39AIe+CIR7koBtRGMiCt/LPM3lI+PELtDIy9XdyeSrwXFdWV9dzJ2Awl0paLWUaknLxFQ5HpHZUog==",
        "dependencies": {
          "System.Drawing.Common": "6.0.0"
        }
      },
      "Diginsight.SmartDocs.Web.client": {
        "type": "Project",
        "dependencies": {
          "Diginsight.SmartDocs.Web.Shared": "[1.0.0, )",
          "Microsoft.AspNetCore.Components.WebAssembly": "[10.0.*, )",
          "Microsoft.AspNetCore.SignalR.Client": "[10.0.*, )"
        }
      },
      "Diginsight.SmartDocs.Web.shared": {
        "type": "Project",
        "dependencies": {
          "Markdig": "[0.*, )"
        }
      }
    }
  }
}